
Microsoft Visual Studio Solution File, Format Version 11.00
# Visual Studio 2010
Project("{FAE04EC0-301F-11D3-BF4B-00C04F79EFBC}") = "OpenCC", "OpenCC\OpenCC.csproj", "{ECF5CD5A-C4E0-4A8D-83A4-3623D5B4F5D9}"
EndProject
Project("{2150E333-8FDC-42A3-9474-1A3956D46DE8}") = "UnitTests", "UnitTests", "{427B7541-A0B1-4EA8-BC48-4A50C6EE40CA}"
EndProject
Project("{FAE04EC0-301F-11D3-BF4B-00C04F79EFBC}") = "OpenCC.DVRPTRLib.UnitTests", "UnitTests\OpenCC.DVRPTRLib.UnitTests\OpenCC.DVRPTRLib.UnitTests.csproj", "{EF018162-AD01-45DD-9EA3-D86EC332EC26}"
EndProject
Project("{FAE04EC0-301F-11D3-BF4B-00C04F79EFBC}") = "OpenCC.Common.UnitTests", "UnitTests\OpenCC.Common.UnitTests\OpenCC.Common.UnitTests.csproj", "{F6420CCF-4529-4872-9D5F-5E134DE189AB}"
EndProject
Project("{FAE04EC0-301F-11D3-BF4B-00C04F79EFBC}") = "OpenCC.DVRPTRLib", "OpenCC.DVRPTRLib\OpenCC.DVRPTRLib.csproj", "{3A9654AC-29E1-4511-90DE-8BCC109AB6D9}"
EndProject
Project("{2150E333-8FDC-42A3-9474-1A3956D46DE8}") = "Docs", "Docs", "{42D82CDD-5AB2-4530-A25F-7CFF90FA0D95}"
	ProjectSection(SolutionItems) = preProject
		Docs\DV-RPTR_Interfacespecification_draft003.pdf = Docs\DV-RPTR_Interfacespecification_draft003.pdf
	EndProjectSection
EndProject
Project("{FAE04EC0-301F-11D3-BF4B-00C04F79EFBC}") = "OpenCC.Common", "OpenCC.Common\OpenCC.Common.csproj", "{D78303D7-9220-4F4C-9E3D-B1F3C87ED8F3}"
EndProject
Global
	GlobalSection(SolutionConfigurationPlatforms) = preSolution
		Debug|x86 = Debug|x86
		Release|x86 = Release|x86
		Default|Any CPU = Default|Any CPU
	EndGlobalSection
	GlobalSection(ProjectConfigurationPlatforms) = postSolution
		{3A9654AC-29E1-4511-90DE-8BCC109AB6D9}.Debug|x86.ActiveCfg = Debug|Any CPU
		{3A9654AC-29E1-4511-90DE-8BCC109AB6D9}.Debug|x86.Build.0 = Debug|Any CPU
		{3A9654AC-29E1-4511-90DE-8BCC109AB6D9}.Release|x86.ActiveCfg = Release|Any CPU
		{3A9654AC-29E1-4511-90DE-8BCC109AB6D9}.Release|x86.Build.0 = Release|Any CPU
		{D78303D7-9220-4F4C-9E3D-B1F3C87ED8F3}.Debug|x86.ActiveCfg = Debug|Any CPU
		{D78303D7-9220-4F4C-9E3D-B1F3C87ED8F3}.Debug|x86.Build.0 = Debug|Any CPU
		{D78303D7-9220-4F4C-9E3D-B1F3C87ED8F3}.Default|Any CPU.ActiveCfg = Debug|Any CPU
		{D78303D7-9220-4F4C-9E3D-B1F3C87ED8F3}.Default|Any CPU.Build.0 = Debug|Any CPU
		{D78303D7-9220-4F4C-9E3D-B1F3C87ED8F3}.Release|x86.ActiveCfg = Release|Any CPU
		{D78303D7-9220-4F4C-9E3D-B1F3C87ED8F3}.Release|x86.Build.0 = Release|Any CPU
		{ECF5CD5A-C4E0-4A8D-83A4-3623D5B4F5D9}.Debug|x86.ActiveCfg = Debug|x86
		{ECF5CD5A-C4E0-4A8D-83A4-3623D5B4F5D9}.Debug|x86.Build.0 = Debug|x86
		{ECF5CD5A-C4E0-4A8D-83A4-3623D5B4F5D9}.Release|x86.ActiveCfg = Release|x86
		{ECF5CD5A-C4E0-4A8D-83A4-3623D5B4F5D9}.Release|x86.Build.0 = Release|x86
		{EF018162-AD01-45DD-9EA3-D86EC332EC26}.Debug|x86.ActiveCfg = Debug|Any CPU
		{EF018162-AD01-45DD-9EA3-D86EC332EC26}.Debug|x86.Build.0 = Debug|Any CPU
		{EF018162-AD01-45DD-9EA3-D86EC332EC26}.Default|Any CPU.ActiveCfg = Debug|Any CPU
		{EF018162-AD01-45DD-9EA3-D86EC332EC26}.Default|Any CPU.Build.0 = Debug|Any CPU
		{EF018162-AD01-45DD-9EA3-D86EC332EC26}.Release|x86.ActiveCfg = Release|Any CPU
		{EF018162-AD01-45DD-9EA3-D86EC332EC26}.Release|x86.Build.0 = Release|Any CPU
		{F6420CCF-4529-4872-9D5F-5E134DE189AB}.Debug|x86.ActiveCfg = Debug|Any CPU
		{F6420CCF-4529-4872-9D5F-5E134DE189AB}.Debug|x86.Build.0 = Debug|Any CPU
		{F6420CCF-4529-4872-9D5F-5E134DE189AB}.Default|Any CPU.ActiveCfg = Debug|Any CPU
		{F6420CCF-4529-4872-9D5F-5E134DE189AB}.Default|Any CPU.Build.0 = Debug|Any CPU
		{F6420CCF-4529-4872-9D5F-5E134DE189AB}.Release|x86.ActiveCfg = Release|Any CPU
		{F6420CCF-4529-4872-9D5F-5E134DE189AB}.Release|x86.Build.0 = Release|Any CPU
	EndGlobalSection
	GlobalSection(NestedProjects) = preSolution
		{EF018162-AD01-45DD-9EA3-D86EC332EC26} = {427B7541-A0B1-4EA8-BC48-4A50C6EE40CA}
		{F6420CCF-4529-4872-9D5F-5E134DE189AB} = {427B7541-A0B1-4EA8-BC48-4A50C6EE40CA}
	EndGlobalSection
	GlobalSection(MonoDevelopProperties) = preSolution
		StartupItem = OpenCC\OpenCC.csproj
		Policies = $0
		$0.NameConventionPolicy = $1
		$1.Rules = $2
		$2.NamingRule = $3
		$3.Name = Namespaces
		$3.AffectedEntity = Namespace
		$3.VisibilityMask = VisibilityMask
		$3.NamingStyle = PascalCase
		$3.IncludeInstanceMembers = True
		$3.IncludeStaticEntities = True
		$2.NamingRule = $4
		$4.Name = Types
		$4.AffectedEntity = Class, Struct, Enum, Delegate
		$4.VisibilityMask = VisibilityMask
		$4.NamingStyle = PascalCase
		$4.IncludeInstanceMembers = True
		$4.IncludeStaticEntities = True
		$2.NamingRule = $5
		$5.Name = Interfaces
		$5.RequiredPrefixes = $6
		$6.String = I
		$5.AffectedEntity = Interface
		$5.VisibilityMask = VisibilityMask
		$5.NamingStyle = PascalCase
		$5.IncludeInstanceMembers = True
		$5.IncludeStaticEntities = True
		$2.NamingRule = $7
		$7.Name = Attributes
		$7.RequiredSuffixes = $8
		$8.String = Attribute
		$7.AffectedEntity = CustomAttributes
		$7.VisibilityMask = VisibilityMask
		$7.NamingStyle = PascalCase
		$7.IncludeInstanceMembers = True
		$7.IncludeStaticEntities = True
		$2.NamingRule = $9
		$9.Name = Event Arguments
		$9.RequiredSuffixes = $10
		$10.String = EventArgs
		$9.AffectedEntity = CustomEventArgs
		$9.VisibilityMask = VisibilityMask
		$9.NamingStyle = PascalCase
		$9.IncludeInstanceMembers = True
		$9.IncludeStaticEntities = True
		$2.NamingRule = $11
		$11.Name = Exceptions
		$11.RequiredSuffixes = $12
		$12.String = Exception
		$11.AffectedEntity = CustomExceptions
		$11.VisibilityMask = VisibilityMask
		$11.NamingStyle = PascalCase
		$11.IncludeInstanceMembers = True
		$11.IncludeStaticEntities = True
		$2.NamingRule = $13
		$13.Name = Methods
		$13.AffectedEntity = Methods
		$13.VisibilityMask = VisibilityMask
		$13.NamingStyle = PascalCase
		$13.IncludeInstanceMembers = True
		$13.IncludeStaticEntities = True
		$2.NamingRule = $14
		$14.Name = Static Readonly Fields
		$14.AffectedEntity = ReadonlyField
		$14.VisibilityMask = Internal, Protected, Public
		$14.NamingStyle = PascalCase
		$14.IncludeInstanceMembers = False
		$14.IncludeStaticEntities = True
		$2.NamingRule = $15
		$15.Name = Fields (Non Private)
		$15.AffectedEntity = Field
		$15.VisibilityMask = Internal, Protected, Public
		$15.NamingStyle = PascalCase
		$15.IncludeInstanceMembers = True
		$15.IncludeStaticEntities = True
		$2.NamingRule = $16
		$16.Name = ReadOnly Fields (Non Private)
		$16.AffectedEntity = ReadonlyField
		$16.VisibilityMask = Internal, Protected, Public
		$16.NamingStyle = PascalCase
		$16.IncludeInstanceMembers = True
		$16.IncludeStaticEntities = False
		$2.NamingRule = $17
		$17.Name = Fields (Private)
		$17.AllowedPrefixes = $18
		$18.String = _
		$18.String = m_
		$17.AffectedEntity = Field, ReadonlyField
		$17.VisibilityMask = Private
		$17.NamingStyle = CamelCase
		$17.IncludeInstanceMembers = True
		$17.IncludeStaticEntities = False
		$2.NamingRule = $19
		$19.Name = Static Fields (Private)
		$19.AffectedEntity = Field
		$19.VisibilityMask = Private
		$19.NamingStyle = CamelCase
		$19.IncludeInstanceMembers = False
		$19.IncludeStaticEntities = True
		$2.NamingRule = $20
		$20.Name = ReadOnly Fields (Private)
		$20.AllowedPrefixes = $21
		$21.String = _
		$21.String = m_
		$20.AffectedEntity = ReadonlyField
		$20.VisibilityMask = Private
		$20.NamingStyle = CamelCase
		$20.IncludeInstanceMembers = True
		$20.IncludeStaticEntities = False
		$2.NamingRule = $22
		$22.Name = Constant Fields
		$22.AffectedEntity = ConstantField
		$22.VisibilityMask = VisibilityMask
		$22.NamingStyle = PascalCase
		$22.IncludeInstanceMembers = True
		$22.IncludeStaticEntities = True
		$2.NamingRule = $23
		$23.Name = Properties
		$23.AffectedEntity = Property
		$23.VisibilityMask = VisibilityMask
		$23.NamingStyle = PascalCase
		$23.IncludeInstanceMembers = True
		$23.IncludeStaticEntities = True
		$2.NamingRule = $24
		$24.Name = Events
		$24.AffectedEntity = Event
		$24.VisibilityMask = VisibilityMask
		$24.NamingStyle = PascalCase
		$24.IncludeInstanceMembers = True
		$24.IncludeStaticEntities = True
		$2.NamingRule = $25
		$25.Name = Enum Members
		$25.AffectedEntity = EnumMember
		$25.VisibilityMask = VisibilityMask
		$25.NamingStyle = PascalCase
		$25.IncludeInstanceMembers = True
		$25.IncludeStaticEntities = True
		$2.NamingRule = $26
		$26.Name = Parameters
		$26.AffectedEntity = Parameter
		$26.VisibilityMask = VisibilityMask
		$26.NamingStyle = CamelCase
		$26.IncludeInstanceMembers = True
		$26.IncludeStaticEntities = True
		$2.NamingRule = $27
		$27.Name = Type Parameters
		$27.RequiredPrefixes = $28
		$28.String = T
		$27.AffectedEntity = TypeParameter
		$27.VisibilityMask = VisibilityMask
		$27.NamingStyle = PascalCase
		$27.IncludeInstanceMembers = True
		$27.IncludeStaticEntities = True
	EndGlobalSection
EndGlobal
